
Microsoft Visual Studio Solution File, Format Version 12.00
# Visual Studio Version 16
VisualStudioVersion = 16.0.31424.327
MinimumVisualStudioVersion = 10.0.40219.1
Project("{FAE04EC0-301F-11D3-BF4B-00C04F79EFBC}") = "Game of Life", "Game of Life\Game of Life.csproj", "{713134BC-0461-478F-834E-6E66F1CE132B}"
EndProject
Global
	GlobalSection(SolutionConfigurationPlatforms) = preSolution
		Debug|Any CPU = Debug|Any CPU
		Release|Any CPU = Release|Any CPU
	EndGlobalSection
	GlobalSection(ProjectConfigurationPlatforms) = postSolution
		{713134BC-0461-478F-834E-6E66F1CE132B}.Debug|Any CPU.ActiveCfg = Debug|Any CPU
		{713134BC-0461-478F-834E-6E66F1CE132B}.Debug|Any CPU.Build.0 = Debug|Any CPU
		{713134BC-0461-478F-834E-6E66F1CE132B}.Release|Any CPU.ActiveCfg = Release|Any CPU
		{713134BC-0461-478F-834E-6E66F1CE132B}.Release|Any CPU.Build.0 = Release|Any CPU
	EndGlobalSection
	GlobalSection(SolutionProperties) = preSolution
		HideSolutionNode = FALSE
	EndGlobalSection
	GlobalSection(ExtensibilityGlobals) = postSolution
		SolutionGuid = {55184323-9A79-44EF-9CF8-205A36779F64}
	EndGlobalSection
EndGlobal
